
Microsoft Visual Studio Solution File, Format Version 12.00
# Visual Studio Version 17
VisualStudioVersion = 17.3.32804.467
MinimumVisualStudioVersion = 10.0.40219.1
Project("{FAE04EC0-301F-11D3-BF4B-00C04F79EFBC}") = "Experiment", "Experiment\Experiment.csproj", "{C0119FBD-B83F-44F6-ABB1-B8348FE271AD}"
EndProject
Global
	GlobalSection(SolutionConfigurationPlatforms) = preSolution
		Debug|Any CPU = Debug|Any CPU
		Release|Any CPU = Release|Any CPU
	EndGlobalSection
	GlobalSection(ProjectConfigurationPlatforms) = postSolution
		{C0119FBD-B83F-44F6-ABB1-B8348FE271AD}.Debug|Any CPU.ActiveCfg = Debug|Any CPU
		{C0119FBD-B83F-44F6-ABB1-B8348FE271AD}.Debug|Any CPU.Build.0 = Debug|Any CPU
		{C0119FBD-B83F-44F6-ABB1-B8348FE271AD}.Release|Any CPU.ActiveCfg = Release|Any CPU
		{C0119FBD-B83F-44F6-ABB1-B8348FE271AD}.Release|Any CPU.Build.0 = Release|Any CPU
	EndGlobalSection
	GlobalSection(SolutionProperties) = preSolution
		HideSolutionNode = FALSE
	EndGlobalSection
	GlobalSection(ExtensibilityGlobals) = postSolution
		SolutionGuid = {DD00A1DF-83A4-4660-A8D5-BB6053F29C10}
	EndGlobalSection
EndGlobal
